
Microsoft Visual Studio Solution File, Format Version 12.00
# Visual Studio Version 16
VisualStudioVersion = 16.0.29102.190
MinimumVisualStudioVersion = 10.0.40219.1
Project("{FAE04EC0-301F-11D3-BF4B-00C04F79EFBC}") = "SplitingString", "SplitingString\SplitingString.csproj", "{587B3543-C061-4890-A7BE-ABE4400BF977}"
EndProject
Global
	GlobalSection(SolutionConfigurationPlatforms) = preSolution
		Debug|Any CPU = Debug|Any CPU
		Release|Any CPU = Release|Any CPU
	EndGlobalSection
	GlobalSection(ProjectConfigurationPlatforms) = postSolution
		{587B3543-C061-4890-A7BE-ABE4400BF977}.Debug|Any CPU.ActiveCfg = Debug|Any CPU
		{587B3543-C061-4890-A7BE-ABE4400BF977}.Debug|Any CPU.Build.0 = Debug|Any CPU
		{587B3543-C061-4890-A7BE-ABE4400BF977}.Release|Any CPU.ActiveCfg = Release|Any CPU
		{587B3543-C061-4890-A7BE-ABE4400BF977}.Release|Any CPU.Build.0 = Release|Any CPU
	EndGlobalSection
	GlobalSection(SolutionProperties) = preSolution
		HideSolutionNode = FALSE
	EndGlobalSection
	GlobalSection(ExtensibilityGlobals) = postSolution
		SolutionGuid = {563B9F70-DE6C-4992-8F55-18414A1AA773}
	EndGlobalSection
EndGlobal
